// !$*UTF8*$!
{
	archiveVersion = 1;
	classes = {
	};
	objectVersion = 50;
	objects = {

/* Begin PBXBuildFile section */
		65B72D5E23AE07B20039A376 /* AppDelegate.swift in Sources */ = {isa = PBXBuildFile; fileRef = 65B72D5D23AE07B20039A376 /* AppDelegate.swift */; };
		65B72D6023AE07B20039A376 /* SceneDelegate.swift in Sources */ = {isa = PBXBuildFile; fileRef = 65B72D5F23AE07B20039A376 /* SceneDelegate.swift */; };
		65B72D6223AE07B20039A376 /* ViewController.swift in Sources */ = {isa = PBXBuildFile; fileRef = 65B72D6123AE07B20039A376 /* ViewController.swift */; };
		65B72D6523AE07B20039A376 /* Main.storyboard in Resources */ = {isa = PBXBuildFile; fileRef = 65B72D6323AE07B20039A376 /* Main.storyboard */; };
		65B72D6723AE07B30039A376 /* Assets.xcassets in Resources */ = {isa = PBXBuildFile; fileRef = 65B72D6623AE07B30039A376 /* Assets.xcassets */; };
		65B72D6A23AE07B30039A376 /* LaunchScreen.storyboard in Resources */ = {isa = PBXBuildFile; fileRef = 65B72D6823AE07B30039A376 /* LaunchScreen.storyboard */; };
		65B72D7A23AE0B810039A376 /* Localizable.strings in Resources */ = {isa = PBXBuildFile; fileRef = 65B72D7C23AE0B810039A376 /* Localizable.strings */; };
/* End PBXBuildFile section */

/* Begin PBXFileReference section */
		65B72D5A23AE07B20039A376 /* multiLangApp.app */ = {isa = PBXFileReference; explicitFileType = wrapper.application; includeInIndex = 0; path = multiLangApp.app; sourceTree = BUILT_PRODUCTS_DIR; };
		65B72D5D23AE07B20039A376 /* AppDelegate.swift */ = {isa = PBXFileReference; lastKnownFileType = sourcecode.swift; path = AppDelegate.swift; sourceTree = "<group>"; };
		65B72D5F23AE07B20039A376 /* SceneDelegate.swift */ = {isa = PBXFileReference; lastKnownFileType = sourcecode.swift; path = SceneDelegate.swift; sourceTree = "<group>"; };
		65B72D6123AE07B20039A376 /* ViewController.swift */ = {isa = PBXFileReference; lastKnownFileType = sourcecode.swift; path = ViewController.swift; sourceTree = "<group>"; };
		65B72D6423AE07B20039A376 /* Base */ = {isa = PBXFileReference; lastKnownFileType = file.storyboard; name = Base; path = Base.lproj/Main.storyboard; sourceTree = "<group>"; };
		65B72D6623AE07B30039A376 /* Assets.xcassets */ = {isa = PBXFileReference; lastKnownFileType = folder.assetcatalog; path = Assets.xcassets; sourceTree = "<group>"; };
		65B72D6923AE07B30039A376 /* Base */ = {isa = PBXFileReference; lastKnownFileType = file.storyboard; name = Base; path = Base.lproj/LaunchScreen.storyboard; sourceTree = "<group>"; };
		65B72D6B23AE07B30039A376 /* Info.plist */ = {isa = PBXFileReference; lastKnownFileType = text.plist.xml; path = Info.plist; sourceTree = "<group>"; };
		65B72D7123AE08920039A376 /* zh-Hant */ = {isa = PBXFileReference; lastKnownFileType = text.plist.strings; name = "zh-Hant"; path = "zh-Hant.lproj/LaunchScreen.strings"; sourceTree = "<group>"; };
		65B72D7B23AE0B810039A376 /* en */ = {isa = PBXFileReference; lastKnownFileType = text.plist.strings; name = en; path = en.lproj/Localizable.strings; sourceTree = "<group>"; };
		65B72D7D23AE0B880039A376 /* zh-Hant */ = {isa = PBXFileReference; lastKnownFileType = text.plist.strings; name = "zh-Hant"; path = "zh-Hant.lproj/Localizable.strings"; sourceTree = "<group>"; };
/* End PBXFileReference section */

/* Begin PBXFrameworksBuildPhase section */
		65B72D5723AE07B20039A376 /* Frameworks */ = {
			isa = PBXFrameworksBuildPhase;
			buildActionMask = 2147483647;
			files = (
			);
			runOnlyForDeploymentPostprocessing = 0;
		};
/* End PBXFrameworksBuildPhase section */

/* Begin PBXGroup section */
		65B72D5123AE07B20039A376 = {
			isa = PBXGroup;
			children = (
				65B72D5C23AE07B20039A376 /* multiLangApp */,
				65B72D5B23AE07B20039A376 /* Products */,
			);
			sourceTree = "<group>";
		};
		65B72D5B23AE07B20039A376 /* Products */ = {
			isa = PBXGroup;
			children = (
				65B72D5A23AE07B20039A376 /* multiLangApp.app */,
			);
			name = Products;
			sourceTree = "<group>";
		};
		65B72D5C23AE07B20039A376 /* multiLangApp */ = {
			isa = PBXGroup;
			children = (
				65B72D7C23AE0B810039A376 /* Localizable.strings */,
				65B72D5D23AE07B20039A376 /* AppDelegate.swift */,
				65B72D5F23AE07B20039A376 /* SceneDelegate.swift */,
				65B72D6123AE07B20039A376 /* ViewController.swift */,
				65B72D6323AE07B20039A376 /* Main.storyboard */,
				65B72D6623AE07B30039A376 /* Assets.xcassets */,
				65B72D6823AE07B30039A376 /* LaunchScreen.storyboard */,
				65B72D6B23AE07B30039A376 /* Info.plist */,
			);
			path = multiLangApp;
			sourceTree = "<group>";
		};
/* End PBXGroup section */

/* Begin PBXNativeTarget section */
		65B72D5923AE07B20039A376 /* multiLangApp */ = {
			isa = PBXNativeTarget;
			buildConfigurationList = 65B72D6E23AE07B30039A376 /* Build configuration list for PBXNativeTarget "multiLangApp" */;
			buildPhases = (
				65B72D5623AE07B20039A376 /* Sources */,
				65B72D5723AE07B20039A376 /* Frameworks */,
				65B72D5823AE07B20039A376 /* Resources */,
			);
			buildRules = (
			);
			dependencies = (
			);
			name = multiLangApp;
			productName = multiLangApp;
			productReference = 65B72D5A23AE07B20039A376 /* multiLangApp.app */;
			productType = "com.apple.product-type.application";
		};
/* End PBXNativeTarget section */

/* Begin PBXProject section */
		65B72D5223AE07B20039A376 /* Project object */ = {
			isa = PBXProject;
			attributes = {
				LastSwiftUpdateCheck = 1110;
				LastUpgradeCheck = 1110;
				ORGANIZATIONNAME = grace;
				TargetAttributes = {
					65B72D5923AE07B20039A376 = {
						CreatedOnToolsVersion = 11.1;
					};
				};
			};
			buildConfigurationList = 65B72D5523AE07B20039A376 /* Build configuration list for PBXProject "multiLangApp" */;
			compatibilityVersion = "Xcode 9.3";
			developmentRegion = en;
			hasScannedForEncodings = 0;
			knownRegions = (
				en,
				Base,
				"zh-Hant",
			);
			mainGroup = 65B72D5123AE07B20039A376;
			productRefGroup = 65B72D5B23AE07B20039A376 /* Products */;
			projectDirPath = "";
			projectRoot = "";
			targets = (
				65B72D5923AE07B20039A376 /* multiLangApp */,
			);
		};
/* End PBXProject section */

/* Begin PBXResourcesBuildPhase section */
		65B72D5823AE07B20039A376 /* Resources */ = {
			isa = PBXResourcesBuildPhase;
			buildActionMask = 2147483647;
			files = (
				65B72D6A23AE07B30039A376 /* LaunchScreen.storyboard in Resources */,
				65B72D7A23AE0B810039A376 /* Localizable.strings in Resources */,
				65B72D6723AE07B30039A376 /* Assets.xcassets in Resources */,
				65B72D6523AE07B20039A376 /* Main.storyboard in Resources */,
			);
			runOnlyForDeploymentPostprocessing = 0;
		};
/* End PBXResourcesBuildPhase section */

/* Begin PBXSourcesBuildPhase section */
		65B72D5623AE07B20039A376 /* Sources */ = {
			isa = PBXSourcesBuildPhase;
			buildActionMask = 2147483647;
			files = (
				65B72D6223AE07B20039A376 /* ViewController.swift in Sources */,
				65B72D5E23AE07B20039A376 /* AppDelegate.swift in Sources */,
				65B72D6023AE07B20039A376 /* SceneDelegate.swift in Sources */,
			);
			runOnlyForDeploymentPostprocessing = 0;
		};
/* End PBXSourcesBuildPhase section */

/* Begin PBXVariantGroup section */
		65B72D6323AE07B20039A376 /* Main.storyboard */ = {
			isa = PBXVariantGroup;
			children = (
				65B72D6423AE07B20039A376 /* Base */,
			);
			name = Main.storyboard;
			sourceTree = "<group>";
		};
		65B72D6823AE07B30039A376 /* LaunchScreen.storyboard */ = {
			isa = PBXVariantGroup;
			children = (
				65B72D6923AE07B30039A376 /* Base */,
				65B72D7123AE08920039A376 /* zh-Hant */,
			);
			name = LaunchScreen.storyboard;
			sourceTree = "<group>";
		};
		65B72D7C23AE0B810039A376 /* Localizable.strings */ = {
			isa = PBXVariantGroup;
			children = (
				65B72D7B23AE0B810039A376 /* en */,
				65B72D7D23AE0B880039A376 /* zh-Hant */,
			);
			name = Localizable.strings;
			sourceTree = "<group>";
		};
/* End PBXVariantGroup section */

/* Begin XCBuildConfiguration section */
		65B72D6C23AE07B30039A376 /* Debug */ = {
			isa = XCBuildConfiguration;
			buildSettings = {
				ALWAYS_SEARCH_USER_PATHS = NO;
				CLANG_ANALYZER_LOCALIZABILITY_NONLOCALIZED = YES;
				CLANG_ANALYZER_NONNULL = YES;
				CLANG_ANALYZER_NUMBER_OBJECT_CONVERSION = YES_AGGRESSIVE;
				CLANG_CXX_LANGUAGE_STANDARD = "gnu++14";
				CLANG_CXX_LIBRARY = "libc++";
				CLANG_ENABLE_MODULES = YES;
				CLANG_ENABLE_OBJC_ARC = YES;
				CLANG_ENABLE_OBJC_WEAK = YES;
				CLANG_WARN_BLOCK_CAPTURE_AUTORELEASING = YES;
				CLANG_WARN_BOOL_CONVERSION = YES;
				CLANG_WARN_COMMA = YES;
				CLANG_WARN_CONSTANT_CONVERSION = YES;
				CLANG_WARN_DEPRECATED_OBJC_IMPLEMENTATIONS = YES;
				CLANG_WARN_DIRECT_OBJC_ISA_USAGE = YES_ERROR;
				CLANG_WARN_DOCUMENTATION_COMMENTS = YES;
				CLANG_WARN_EMPTY_BODY = YES;
				CLANG_WARN_ENUM_CONVERSION = YES;
				CLANG_WARN_INFINITE_RECURSION = YES;
				CLANG_WARN_INT_CONVERSION = YES;
				CLANG_WARN_NON_LITERAL_NULL_CONVERSION = YES;
				CLANG_WARN_OBJC_IMPLICIT_RETAIN_SELF = YES;
				CLANG_WARN_OBJC_LITERAL_CONVERSION = YES;
				CLANG_WARN_OBJC_ROOT_CLASS = YES_ERROR;
				CLANG_WARN_RANGE_LOOP_ANALYSIS = YES;
				CLANG_WARN_STRICT_PROTOTYPES = YES;
				CLANG_WARN_SUSPICIOUS_MOVE = YES;
				CLANG_WARN_UNGUARDED_AVAILABILITY = YES_AGGRESSIVE;
				CLANG_WARN_UNREACHABLE_CODE = YES;
				CLANG_WARN__DUPLICATE_METHOD_MATCH = YES;
				COPY_PHASE_STRIP = NO;
				DEBUG_INFORMATION_FORMAT = dwarf;
				ENABLE_STRICT_OBJC_MSGSEND = YES;
				ENABLE_TESTABILITY = YES;
				GCC_C_LANGUAGE_STANDARD = gnu11;
				GCC_DYNAMIC_NO_PIC = NO;
				GCC_NO_COMMON_BLOCKS = YES;
				GCC_OPTIMIZATION_LEVEL = 0;
				GCC_PREPROCESSOR_DEFINITIONS = (
					"DEBUG=1",
					"$(inherited)",
				);
				GCC_WARN_64_TO_32_BIT_CONVERSION = YES;
				GCC_WARN_ABOUT_RETURN_TYPE = YES_ERROR;
				GCC_WARN_UNDECLARED_SELECTOR = YES;
				GCC_WARN_UNINITIALIZED_AUTOS = YES_AGGRESSIVE;
				GCC_WARN_UNUSED_FUNCTION = YES;
				GCC_WARN_UNUSED_VARIABLE = YES;
				IPHONEOS_DEPLOYMENT_TARGET = 13.1;
				MTL_ENABLE_DEBUG_INFO = INCLUDE_SOURCE;
				MTL_FAST_MATH = YES;
				ONLY_ACTIVE_ARCH = YES;
				SDKROOT = iphoneos;
				SWIFT_ACTIVE_COMPILATION_CONDITIONS = DEBUG;
				SWIFT_OPTIMIZATION_LEVEL = "-Onone";
			};
			name = Debug;
		};
		65B72D6D23AE07B30039A376 /* Release */ = {
			isa = XCBuildConfiguration;
			buildSettings = {
				ALWAYS_SEARCH_USER_PATHS = NO;
				CLANG_ANALYZER_LOCALIZABILITY_NONLOCALIZED = YES;
				CLANG_ANALYZER_NONNULL = YES;
				CLANG_ANALYZER_NUMBER_OBJECT_CONVERSION = YES_AGGRESSIVE;
				CLANG_CXX_LANGUAGE_STANDARD = "gnu++14";
				CLANG_CXX_LIBRARY = "libc++";
				CLANG_ENABLE_MODULES = YES;
				CLANG_ENABLE_OBJC_ARC = YES;
				CLANG_ENABLE_OBJC_WEAK = YES;
				CLANG_WARN_BLOCK_CAPTURE_AUTORELEASING = YES;
				CLANG_WARN_BOOL_CONVERSION = YES;
				CLANG_WARN_COMMA = YES;
				CLANG_WARN_CONSTANT_CONVERSION = YES;
				CLANG_WARN_DEPRECATED_OBJC_IMPLEMENTATIONS = YES;
				CLANG_WARN_DIRECT_OBJC_ISA_USAGE = YES_ERROR;
				CLANG_WARN_DOCUMENTATION_COMMENTS = YES;
				CLANG_WARN_EMPTY_BODY = YES;
				CLANG_WARN_ENUM_CONVERSION = YES;
				CLANG_WARN_INFINITE_RECURSION = YES;
				CLANG_WARN_INT_CONVERSION = YES;
				CLANG_WARN_NON_LITERAL_NULL_CONVERSION = YES;
				CLANG_WARN_OBJC_IMPLICIT_RETAIN_SELF = YES;
				CLANG_WARN_OBJC_LITERAL_CONVERSION = YES;
				CLANG_WARN_OBJC_ROOT_CLASS = YES_ERROR;
				CLANG_WARN_RANGE_LOOP_ANALYSIS = YES;
				CLANG_WARN_STRICT_PROTOTYPES = YES;
				CLANG_WARN_SUSPICIOUS_MOVE = YES;
				CLANG_WARN_UNGUARDED_AVAILABILITY = YES_AGGRESSIVE;
				CLANG_WARN_UNREACHABLE_CODE = YES;
				CLANG_WARN__DUPLICATE_METHOD_MATCH = YES;
				COPY_PHASE_STRIP = NO;
				DEBUG_INFORMATION_FORMAT = "dwarf-with-dsym";
				ENABLE_NS_ASSERTIONS = NO;
				ENABLE_STRICT_OBJC_MSGSEND = YES;
				GCC_C_LANGUAGE_STANDARD = gnu11;
				GCC_NO_COMMON_BLOCKS = YES;
				GCC_WARN_64_TO_32_BIT_CONVERSION = YES;
				GCC_WARN_ABOUT_RETURN_TYPE = YES_ERROR;
				GCC_WARN_UNDECLARED_SELECTOR = YES;
				GCC_WARN_UNINITIALIZED_AUTOS = YES_AGGRESSIVE;
				GCC_WARN_UNUSED_FUNCTION = YES;
				GCC_WARN_UNUSED_VARIABLE = YES;
				IPHONEOS_DEPLOYMENT_TARGET = 13.1;
				MTL_ENABLE_DEBUG_INFO = NO;
				MTL_FAST_MATH = YES;
				SDKROOT = iphoneos;
				SWIFT_COMPILATION_MODE = wholemodule;
				SWIFT_OPTIMIZATION_LEVEL = "-O";
				VALIDATE_PRODUCT = YES;
			};
			name = Release;
		};
		65B72D6F23AE07B30039A376 /* Debug */ = {
			isa = XCBuildConfiguration;
			buildSettings = {
				ASSETCATALOG_COMPILER_APPICON_NAME = AppIcon;
				CODE_SIGN_STYLE = Automatic;
				DEVELOPMENT_TEAM = QGUDE94G9E;
				INFOPLIST_FILE = multiLangApp/Info.plist;
				LD_RUNPATH_SEARCH_PATHS = (
					"$(inherited)",
					"@executable_path/Frameworks",
				);
				PRODUCT_BUNDLE_IDENTIFIER = myyhhuang.com.multiLangApp;
				PRODUCT_NAME = "$(TARGET_NAME)";
				SWIFT_VERSION = 5.0;
				TARGETED_DEVICE_FAMILY = "1,2";
			};
			name = Debug;
		};
		65B72D7023AE07B30039A376 /* Release */ = {
			isa = XCBuildConfiguration;
			buildSettings = {
				ASSETCATALOG_COMPILER_APPICON_NAME = AppIcon;
				CODE_SIGN_STYLE = Automatic;
				DEVELOPMENT_TEAM = QGUDE94G9E;
				INFOPLIST_FILE = multiLangApp/Info.plist;
				LD_RUNPATH_SEARCH_PATHS = (
					"$(inherited)",
					"@executable_path/Frameworks",
				);
				PRODUCT_BUNDLE_IDENTIFIER = myyhhuang.com.multiLangApp;
				PRODUCT_NAME = "$(TARGET_NAME)";
				SWIFT_VERSION = 5.0;
				TARGETED_DEVICE_FAMILY = "1,2";
			};
			name = Release;
		};
/* End XCBuildConfiguration section */

/* Begin XCConfigurationList section */
		65B72D5523AE07B20039A376 /* Build configuration list for PBXProject "multiLangApp" */ = {
			isa = XCConfigurationList;
			buildConfigurations = (
				65B72D6C23AE07B30039A376 /* Debug */,
				65B72D6D23AE07B30039A376 /* Release */,
			);
			defaultConfigurationIsVisible = 0;
			defaultConfigurationName = Release;
		};
		65B72D6E23AE07B30039A376 /* Build configuration list for PBXNativeTarget "multiLangApp" */ = {
			isa = XCConfigurationList;
			buildConfigurations = (
				65B72D6F23AE07B30039A376 /* Debug */,
				65B72D7023AE07B30039A376 /* Release */,
			);
			defaultConfigurationIsVisible = 0;
			defaultConfigurationName = Release;
		};
/* End XCConfigurationList section */
	};
	rootObject = 65B72D5223AE07B20039A376 /* Project object */;
}
